// !$*UTF8*$!
{
	archiveVersion = 1;
	classes = {
	};
	objectVersion = 77;
	objects = {

/* Begin PBXBuildFile section */
		1A2996B12D56C5E100C0E407 /* SCNetwork in Frameworks */ = {isa = PBXBuildFile; productRef = 1A2996B02D56C5E100C0E407 /* SCNetwork */; };
/* End PBXBuildFile section */

/* Begin PBXContainerItemProxy section */
		1A2BE33F2D51581C00843482 /* PBXContainerItemProxy */ = {
			isa = PBXContainerItemProxy;
			containerPortal = 1A2BE3262D51581B00843482 /* Project object */;
			proxyType = 1;
			remoteGlobalIDString = 1A2BE32D2D51581B00843482;
			remoteInfo = RescueMe;
		};
		1A2BE3492D51581C00843482 /* PBXContainerItemProxy */ = {
			isa = PBXContainerItemProxy;
			containerPortal = 1A2BE3262D51581B00843482 /* Project object */;
			proxyType = 1;
			remoteGlobalIDString = 1A2BE32D2D51581B00843482;
			remoteInfo = RescueMe;
		};
/* End PBXContainerItemProxy section */

/* Begin PBXFileReference section */
		1A2BE32E2D51581B00843482 /* RescueMe.app */ = {isa = PBXFileReference; explicitFileType = wrapper.application; includeInIndex = 0; path = RescueMe.app; sourceTree = BUILT_PRODUCTS_DIR; };
		1A2BE33E2D51581C00843482 /* RescueMeTests.xctest */ = {isa = PBXFileReference; explicitFileType = wrapper.cfbundle; includeInIndex = 0; path = RescueMeTests.xctest; sourceTree = BUILT_PRODUCTS_DIR; };
		1A2BE3482D51581C00843482 /* RescueMeUITests.xctest */ = {isa = PBXFileReference; explicitFileType = wrapper.cfbundle; includeInIndex = 0; path = RescueMeUITests.xctest; sourceTree = BUILT_PRODUCTS_DIR; };
/* End PBXFileReference section */

/* Begin PBXFileSystemSynchronizedRootGroup section */
		1A2995FA2D56915700C0E407 /* RescueMe */ = {
			isa = PBXFileSystemSynchronizedRootGroup;
			path = RescueMe;
			sourceTree = "<group>";
		};
		1A2BE3412D51581C00843482 /* RescueMeTests */ = {
			isa = PBXFileSystemSynchronizedRootGroup;
			path = RescueMeTests;
			sourceTree = "<group>";
		};
		1A2BE34B2D51581C00843482 /* RescueMeUITests */ = {
			isa = PBXFileSystemSynchronizedRootGroup;
			path = RescueMeUITests;
			sourceTree = "<group>";
		};
/* End PBXFileSystemSynchronizedRootGroup section */

/* Begin PBXFrameworksBuildPhase section */
		1A2BE32B2D51581B00843482 /* Frameworks */ = {
			isa = PBXFrameworksBuildPhase;
			buildActionMask = 2147483647;
			files = (
				1A2996B12D56C5E100C0E407 /* SCNetwork in Frameworks */,
			);
			runOnlyForDeploymentPostprocessing = 0;
		};
		1A2BE33B2D51581C00843482 /* Frameworks */ = {
			isa = PBXFrameworksBuildPhase;
			buildActionMask = 2147483647;
			files = (
			);
			runOnlyForDeploymentPostprocessing = 0;
		};
		1A2BE3452D51581C00843482 /* Frameworks */ = {
			isa = PBXFrameworksBuildPhase;
			buildActionMask = 2147483647;
			files = (
			);
			runOnlyForDeploymentPostprocessing = 0;
		};
/* End PBXFrameworksBuildPhase section */

/* Begin PBXGroup section */
		1A2BE3252D51581B00843482 = {
			isa = PBXGroup;
			children = (
				1A2995FA2D56915700C0E407 /* RescueMe */,
				1A2BE3412D51581C00843482 /* RescueMeTests */,
				1A2BE34B2D51581C00843482 /* RescueMeUITests */,
				1A2BE32F2D51581B00843482 /* Products */,
			);
			sourceTree = "<group>";
		};
		1A2BE32F2D51581B00843482 /* Products */ = {
			isa = PBXGroup;
			children = (
				1A2BE32E2D51581B00843482 /* RescueMe.app */,
				1A2BE33E2D51581C00843482 /* RescueMeTests.xctest */,
				1A2BE3482D51581C00843482 /* RescueMeUITests.xctest */,
			);
			name = Products;
			sourceTree = "<group>";
		};
/* End PBXGroup section */

/* Begin PBXNativeTarget section */
		1A2BE32D2D51581B00843482 /* RescueMe */ = {
			isa = PBXNativeTarget;
			buildConfigurationList = 1A2BE3522D51581C00843482 /* Build configuration list for PBXNativeTarget "RescueMe" */;
			buildPhases = (
				1A2BE32A2D51581B00843482 /* Sources */,
				1A2BE32B2D51581B00843482 /* Frameworks */,
				1A2BE32C2D51581B00843482 /* Resources */,
			);
			buildRules = (
			);
			dependencies = (
			);
			fileSystemSynchronizedGroups = (
				1A2995FA2D56915700C0E407 /* RescueMe */,
			);
			name = RescueMe;
			packageProductDependencies = (
				1A2996B02D56C5E100C0E407 /* SCNetwork */,
			);
			productName = RescueMe;
			productReference = 1A2BE32E2D51581B00843482 /* RescueMe.app */;
			productType = "com.apple.product-type.application";
		};
		1A2BE33D2D51581C00843482 /* RescueMeTests */ = {
			isa = PBXNativeTarget;
			buildConfigurationList = 1A2BE3552D51581C00843482 /* Build configuration list for PBXNativeTarget "RescueMeTests" */;
			buildPhases = (
				1A2BE33A2D51581C00843482 /* Sources */,
				1A2BE33B2D51581C00843482 /* Frameworks */,
				1A2BE33C2D51581C00843482 /* Resources */,
			);
			buildRules = (
			);
			dependencies = (
				1A2BE3402D51581C00843482 /* PBXTargetDependency */,
			);
			fileSystemSynchronizedGroups = (
				1A2BE3412D51581C00843482 /* RescueMeTests */,
			);
			name = RescueMeTests;
			packageProductDependencies = (
			);
			productName = RescueMeTests;
			productReference = 1A2BE33E2D51581C00843482 /* RescueMeTests.xctest */;
			productType = "com.apple.product-type.bundle.unit-test";
		};
		1A2BE3472D51581C00843482 /* RescueMeUITests */ = {
			isa = PBXNativeTarget;
			buildConfigurationList = 1A2BE3582D51581C00843482 /* Build configuration list for PBXNativeTarget "RescueMeUITests" */;
			buildPhases = (
				1A2BE3442D51581C00843482 /* Sources */,
				1A2BE3452D51581C00843482 /* Frameworks */,
				1A2BE3462D51581C00843482 /* Resources */,
			);
			buildRules = (
			);
			dependencies = (
				1A2BE34A2D51581C00843482 /* PBXTargetDependency */,
			);
			fileSystemSynchronizedGroups = (
				1A2BE34B2D51581C00843482 /* RescueMeUITests */,
			);
			name = RescueMeUITests;
			packageProductDependencies = (
			);
			productName = RescueMeUITests;
			productReference = 1A2BE3482D51581C00843482 /* RescueMeUITests.xctest */;
			productType = "com.apple.product-type.bundle.ui-testing";
		};
/* End PBXNativeTarget section */

/* Begin PBXProject section */
		1A2BE3262D51581B00843482 /* Project object */ = {
			isa = PBXProject;
			attributes = {
				BuildIndependentTargetsInParallel = 1;
				LastSwiftUpdateCheck = 1620;
				LastUpgradeCheck = 1620;
				TargetAttributes = {
					1A2BE32D2D51581B00843482 = {
						CreatedOnToolsVersion = 16.2;
					};
					1A2BE33D2D51581C00843482 = {
						CreatedOnToolsVersion = 16.2;
						TestTargetID = 1A2BE32D2D51581B00843482;
					};
					1A2BE3472D51581C00843482 = {
						CreatedOnToolsVersion = 16.2;
						TestTargetID = 1A2BE32D2D51581B00843482;
					};
				};
			};
			buildConfigurationList = 1A2BE3292D51581B00843482 /* Build configuration list for PBXProject "RescueMe" */;
			developmentRegion = en;
			hasScannedForEncodings = 0;
			knownRegions = (
				en,
				Base,
			);
			mainGroup = 1A2BE3252D51581B00843482;
			minimizedProjectReferenceProxies = 1;
			packageReferences = (
				1A2996AF2D56C5E100C0E407 /* XCRemoteSwiftPackageReference "SCNetworking" */,
			);
			preferredProjectObjectVersion = 77;
			productRefGroup = 1A2BE32F2D51581B00843482 /* Products */;
			projectDirPath = "";
			projectRoot = "";
			targets = (
				1A2BE32D2D51581B00843482 /* RescueMe */,
				1A2BE33D2D51581C00843482 /* RescueMeTests */,
				1A2BE3472D51581C00843482 /* RescueMeUITests */,
			);
		};
/* End PBXProject section */

/* Begin PBXResourcesBuildPhase section */
		1A2BE32C2D51581B00843482 /* Resources */ = {
			isa = PBXResourcesBuildPhase;
			buildActionMask = 2147483647;
			files = (
			);
			runOnlyForDeploymentPostprocessing = 0;
		};
		1A2BE33C2D51581C00843482 /* Resources */ = {
			isa = PBXResourcesBuildPhase;
			buildActionMask = 2147483647;
			files = (
			);
			runOnlyForDeploymentPostprocessing = 0;
		};
		1A2BE3462D51581C00843482 /* Resources */ = {
			isa = PBXResourcesBuildPhase;
			buildActionMask = 2147483647;
			files = (
			);
			runOnlyForDeploymentPostprocessing = 0;
		};
/* End PBXResourcesBuildPhase section */

/* Begin PBXSourcesBuildPhase section */
		1A2BE32A2D51581B00843482 /* Sources */ = {
			isa = PBXSourcesBuildPhase;
			buildActionMask = 2147483647;
			files = (
			);
			runOnlyForDeploymentPostprocessing = 0;
		};
		1A2BE33A2D51581C00843482 /* Sources */ = {
			isa = PBXSourcesBuildPhase;
			buildActionMask = 2147483647;
			files = (
			);
			runOnlyForDeploymentPostprocessing = 0;
		};
		1A2BE3442D51581C00843482 /* Sources */ = {
			isa = PBXSourcesBuildPhase;
			buildActionMask = 2147483647;
			files = (
			);
			runOnlyForDeploymentPostprocessing = 0;
		};
/* End PBXSourcesBuildPhase section */

/* Begin PBXTargetDependency section */
		1A2BE3402D51581C00843482 /* PBXTargetDependency */ = {
			isa = PBXTargetDependency;
			target = 1A2BE32D2D51581B00843482 /* RescueMe */;
			targetProxy = 1A2BE33F2D51581C00843482 /* PBXContainerItemProxy */;
		};
		1A2BE34A2D51581C00843482 /* PBXTargetDependency */ = {
			isa = PBXTargetDependency;
			target = 1A2BE32D2D51581B00843482 /* RescueMe */;
			targetProxy = 1A2BE3492D51581C00843482 /* PBXContainerItemProxy */;
		};
/* End PBXTargetDependency section */

/* Begin XCBuildConfiguration section */
		1A2BE3502D51581C00843482 /* Debug */ = {
			isa = XCBuildConfiguration;
			buildSettings = {
				ALWAYS_SEARCH_USER_PATHS = NO;
				ASSETCATALOG_COMPILER_GENERATE_SWIFT_ASSET_SYMBOL_EXTENSIONS = YES;
				CLANG_ANALYZER_NONNULL = YES;
				CLANG_ANALYZER_NUMBER_OBJECT_CONVERSION = YES_AGGRESSIVE;
				CLANG_CXX_LANGUAGE_STANDARD = "gnu++20";
				CLANG_ENABLE_MODULES = YES;
				CLANG_ENABLE_OBJC_ARC = YES;
				CLANG_ENABLE_OBJC_WEAK = YES;
				CLANG_WARN_BLOCK_CAPTURE_AUTORELEASING = YES;
				CLANG_WARN_BOOL_CONVERSION = YES;
				CLANG_WARN_COMMA = YES;
				CLANG_WARN_CONSTANT_CONVERSION = YES;
				CLANG_WARN_DEPRECATED_OBJC_IMPLEMENTATIONS = YES;
				CLANG_WARN_DIRECT_OBJC_ISA_USAGE = YES_ERROR;
				CLANG_WARN_DOCUMENTATION_COMMENTS = YES;
				CLANG_WARN_EMPTY_BODY = YES;
				CLANG_WARN_ENUM_CONVERSION = YES;
				CLANG_WARN_INFINITE_RECURSION = YES;
				CLANG_WARN_INT_CONVERSION = YES;
				CLANG_WARN_NON_LITERAL_NULL_CONVERSION = YES;
				CLANG_WARN_OBJC_IMPLICIT_RETAIN_SELF = YES;
				CLANG_WARN_OBJC_LITERAL_CONVERSION = YES;
				CLANG_WARN_OBJC_ROOT_CLASS = YES_ERROR;
				CLANG_WARN_QUOTED_INCLUDE_IN_FRAMEWORK_HEADER = YES;
				CLANG_WARN_RANGE_LOOP_ANALYSIS = YES;
				CLANG_WARN_STRICT_PROTOTYPES = YES;
				CLANG_WARN_SUSPICIOUS_MOVE = YES;
				CLANG_WARN_UNGUARDED_AVAILABILITY = YES_AGGRESSIVE;
				CLANG_WARN_UNREACHABLE_CODE = YES;
				CLANG_WARN__DUPLICATE_METHOD_MATCH = YES;
				COPY_PHASE_STRIP = NO;
				DEBUG_INFORMATION_FORMAT = dwarf;
				ENABLE_STRICT_OBJC_MSGSEND = YES;
				ENABLE_TESTABILITY = YES;
				ENABLE_USER_SCRIPT_SANDBOXING = YES;
				GCC_C_LANGUAGE_STANDARD = gnu17;
				GCC_DYNAMIC_NO_PIC = NO;
				GCC_NO_COMMON_BLOCKS = YES;
				GCC_OPTIMIZATION_LEVEL = 0;
				GCC_PREPROCESSOR_DEFINITIONS = (
					"DEBUG=1",
					"$(inherited)",
				);
				GCC_WARN_64_TO_32_BIT_CONVERSION = YES;
				GCC_WARN_ABOUT_RETURN_TYPE = YES_ERROR;
				GCC_WARN_UNDECLARED_SELECTOR = YES;
				GCC_WARN_UNINITIALIZED_AUTOS = YES_AGGRESSIVE;
				GCC_WARN_UNUSED_FUNCTION = YES;
				GCC_WARN_UNUSED_VARIABLE = YES;
				IPHONEOS_DEPLOYMENT_TARGET = 18.2;
				LOCALIZATION_PREFERS_STRING_CATALOGS = YES;
				MTL_ENABLE_DEBUG_INFO = INCLUDE_SOURCE;
				MTL_FAST_MATH = YES;
				ONLY_ACTIVE_ARCH = YES;
				SDKROOT = iphoneos;
				SWIFT_ACTIVE_COMPILATION_CONDITIONS = "DEBUG $(inherited)";
				SWIFT_OPTIMIZATION_LEVEL = "-Onone";
			};
			name = Debug;
		};
		1A2BE3512D51581C00843482 /* Release */ = {
			isa = XCBuildConfiguration;
			buildSettings = {
				ALWAYS_SEARCH_USER_PATHS = NO;
				ASSETCATALOG_COMPILER_GENERATE_SWIFT_ASSET_SYMBOL_EXTENSIONS = YES;
				CLANG_ANALYZER_NONNULL = YES;
				CLANG_ANALYZER_NUMBER_OBJECT_CONVERSION = YES_AGGRESSIVE;
				CLANG_CXX_LANGUAGE_STANDARD = "gnu++20";
				CLANG_ENABLE_MODULES = YES;
				CLANG_ENABLE_OBJC_ARC = YES;
				CLANG_ENABLE_OBJC_WEAK = YES;
				CLANG_WARN_BLOCK_CAPTURE_AUTORELEASING = YES;
				CLANG_WARN_BOOL_CONVERSION = YES;
				CLANG_WARN_COMMA = YES;
				CLANG_WARN_CONSTANT_CONVERSION = YES;
				CLANG_WARN_DEPRECATED_OBJC_IMPLEMENTATIONS = YES;
				CLANG_WARN_DIRECT_OBJC_ISA_USAGE = YES_ERROR;
				CLANG_WARN_DOCUMENTATION_COMMENTS = YES;
				CLANG_WARN_EMPTY_BODY = YES;
				CLANG_WARN_ENUM_CONVERSION = YES;
				CLANG_WARN_INFINITE_RECURSION = YES;
				CLANG_WARN_INT_CONVERSION = YES;
				CLANG_WARN_NON_LITERAL_NULL_CONVERSION = YES;
				CLANG_WARN_OBJC_IMPLICIT_RETAIN_SELF = YES;
				CLANG_WARN_OBJC_LITERAL_CONVERSION = YES;
				CLANG_WARN_OBJC_ROOT_CLASS = YES_ERROR;
				CLANG_WARN_QUOTED_INCLUDE_IN_FRAMEWORK_HEADER = YES;
				CLANG_WARN_RANGE_LOOP_ANALYSIS = YES;
				CLANG_WARN_STRICT_PROTOTYPES = YES;
				CLANG_WARN_SUSPICIOUS_MOVE = YES;
				CLANG_WARN_UNGUARDED_AVAILABILITY = YES_AGGRESSIVE;
				CLANG_WARN_UNREACHABLE_CODE = YES;
				CLANG_WARN__DUPLICATE_METHOD_MATCH = YES;
				COPY_PHASE_STRIP = NO;
				DEBUG_INFORMATION_FORMAT = "dwarf-with-dsym";
				ENABLE_NS_ASSERTIONS = NO;
				ENABLE_STRICT_OBJC_MSGSEND = YES;
				ENABLE_USER_SCRIPT_SANDBOXING = YES;
				GCC_C_LANGUAGE_STANDARD = gnu17;
				GCC_NO_COMMON_BLOCKS = YES;
				GCC_WARN_64_TO_32_BIT_CONVERSION = YES;
				GCC_WARN_ABOUT_RETURN_TYPE = YES_ERROR;
				GCC_WARN_UNDECLARED_SELECTOR = YES;
				GCC_WARN_UNINITIALIZED_AUTOS = YES_AGGRESSIVE;
				GCC_WARN_UNUSED_FUNCTION = YES;
				GCC_WARN_UNUSED_VARIABLE = YES;
				IPHONEOS_DEPLOYMENT_TARGET = 18.2;
				LOCALIZATION_PREFERS_STRING_CATALOGS = YES;
				MTL_ENABLE_DEBUG_INFO = NO;
				MTL_FAST_MATH = YES;
				SDKROOT = iphoneos;
				SWIFT_COMPILATION_MODE = wholemodule;
				VALIDATE_PRODUCT = YES;
			};
			name = Release;
		};
		1A2BE3532D51581C00843482 /* Debug */ = {
			isa = XCBuildConfiguration;
			buildSettings = {
				ASSETCATALOG_COMPILER_APPICON_NAME = AppIcon;
				ASSETCATALOG_COMPILER_GLOBAL_ACCENT_COLOR_NAME = AccentColor;
				CODE_SIGN_STYLE = Automatic;
				CURRENT_PROJECT_VERSION = 1;
				DEVELOPMENT_ASSET_PATHS = "\"RescueMe/Preview Content\"";
				DEVELOPMENT_TEAM = 5X587S7WGV;
				ENABLE_PREVIEWS = YES;
				GENERATE_INFOPLIST_FILE = YES;
				INFOPLIST_KEY_UIApplicationSceneManifest_Generation = YES;
				INFOPLIST_KEY_UIApplicationSupportsIndirectInputEvents = YES;
				INFOPLIST_KEY_UILaunchScreen_Generation = YES;
				INFOPLIST_KEY_UISupportedInterfaceOrientations_iPad = "UIInterfaceOrientationPortrait UIInterfaceOrientationPortraitUpsideDown UIInterfaceOrientationLandscapeLeft UIInterfaceOrientationLandscapeRight";
				INFOPLIST_KEY_UISupportedInterfaceOrientations_iPhone = "UIInterfaceOrientationPortrait UIInterfaceOrientationLandscapeLeft UIInterfaceOrientationLandscapeRight";
				IPHONEOS_DEPLOYMENT_TARGET = 17.6;
				LD_RUNPATH_SEARCH_PATHS = (
					"$(inherited)",
					"@executable_path/Frameworks",
				);
				MARKETING_VERSION = 1.0;
				PRODUCT_BUNDLE_IDENTIFIER = com.Bito.RescueMe;
				PRODUCT_NAME = "$(TARGET_NAME)";
				SWIFT_EMIT_LOC_STRINGS = YES;
				SWIFT_VERSION = 5.0;
				TARGETED_DEVICE_FAMILY = "1,2";
			};
			name = Debug;
		};
		1A2BE3542D51581C00843482 /* Release */ = {
			isa = XCBuildConfiguration;
			buildSettings = {
				ASSETCATALOG_COMPILER_APPICON_NAME = AppIcon;
				ASSETCATALOG_COMPILER_GLOBAL_ACCENT_COLOR_NAME = AccentColor;
				CODE_SIGN_STYLE = Automatic;
				CURRENT_PROJECT_VERSION = 1;
				DEVELOPMENT_ASSET_PATHS = "\"RescueMe/Preview Content\"";
				DEVELOPMENT_TEAM = 5X587S7WGV;
				ENABLE_PREVIEWS = YES;
				GENERATE_INFOPLIST_FILE = YES;
				INFOPLIST_KEY_UIApplicationSceneManifest_Generation = YES;
				INFOPLIST_KEY_UIApplicationSupportsIndirectInputEvents = YES;
				INFOPLIST_KEY_UILaunchScreen_Generation = YES;
				INFOPLIST_KEY_UISupportedInterfaceOrientations_iPad = "UIInterfaceOrientationPortrait UIInterfaceOrientationPortraitUpsideDown UIInterfaceOrientationLandscapeLeft UIInterfaceOrientationLandscapeRight";
				INFOPLIST_KEY_UISupportedInterfaceOrientations_iPhone = "UIInterfaceOrientationPortrait UIInterfaceOrientationLandscapeLeft UIInterfaceOrientationLandscapeRight";
				IPHONEOS_DEPLOYMENT_TARGET = 17.6;
				LD_RUNPATH_SEARCH_PATHS = (
					"$(inherited)",
					"@executable_path/Frameworks",
				);
				MARKETING_VERSION = 1.0;
				PRODUCT_BUNDLE_IDENTIFIER = com.Bito.RescueMe;
				PRODUCT_NAME = "$(TARGET_NAME)";
				SWIFT_EMIT_LOC_STRINGS = YES;
				SWIFT_VERSION = 5.0;
				TARGETED_DEVICE_FAMILY = "1,2";
			};
			name = Release;
		};
		1A2BE3562D51581C00843482 /* Debug */ = {
			isa = XCBuildConfiguration;
			buildSettings = {
				BUNDLE_LOADER = "$(TEST_HOST)";
				CODE_SIGN_STYLE = Automatic;
				CURRENT_PROJECT_VERSION = 1;
				DEVELOPMENT_TEAM = 5X587S7WGV;
				GENERATE_INFOPLIST_FILE = YES;
				IPHONEOS_DEPLOYMENT_TARGET = 18.2;
				MARKETING_VERSION = 1.0;
				PRODUCT_BUNDLE_IDENTIFIER = com.Bito.RescueMeTests;
				PRODUCT_NAME = "$(TARGET_NAME)";
				SWIFT_EMIT_LOC_STRINGS = NO;
				SWIFT_VERSION = 5.0;
				TARGETED_DEVICE_FAMILY = "1,2";
				TEST_HOST = "$(BUILT_PRODUCTS_DIR)/RescueMe.app/$(BUNDLE_EXECUTABLE_FOLDER_PATH)/RescueMe";
			};
			name = Debug;
		};
		1A2BE3572D51581C00843482 /* Release */ = {
			isa = XCBuildConfiguration;
			buildSettings = {
				BUNDLE_LOADER = "$(TEST_HOST)";
				CODE_SIGN_STYLE = Automatic;
				CURRENT_PROJECT_VERSION = 1;
				DEVELOPMENT_TEAM = 5X587S7WGV;
				GENERATE_INFOPLIST_FILE = YES;
				IPHONEOS_DEPLOYMENT_TARGET = 18.2;
				MARKETING_VERSION = 1.0;
				PRODUCT_BUNDLE_IDENTIFIER = com.Bito.RescueMeTests;
				PRODUCT_NAME = "$(TARGET_NAME)";
				SWIFT_EMIT_LOC_STRINGS = NO;
				SWIFT_VERSION = 5.0;
				TARGETED_DEVICE_FAMILY = "1,2";
				TEST_HOST = "$(BUILT_PRODUCTS_DIR)/RescueMe.app/$(BUNDLE_EXECUTABLE_FOLDER_PATH)/RescueMe";
			};
			name = Release;
		};
		1A2BE3592D51581C00843482 /* Debug */ = {
			isa = XCBuildConfiguration;
			buildSettings = {
				CODE_SIGN_STYLE = Automatic;
				CURRENT_PROJECT_VERSION = 1;
				DEVELOPMENT_TEAM = 5X587S7WGV;
				GENERATE_INFOPLIST_FILE = YES;
				MARKETING_VERSION = 1.0;
				PRODUCT_BUNDLE_IDENTIFIER = com.Bito.RescueMeUITests;
				PRODUCT_NAME = "$(TARGET_NAME)";
				SWIFT_EMIT_LOC_STRINGS = NO;
				SWIFT_VERSION = 5.0;
				TARGETED_DEVICE_FAMILY = "1,2";
				TEST_TARGET_NAME = RescueMe;
			};
			name = Debug;
		};
		1A2BE35A2D51581C00843482 /* Release */ = {
			isa = XCBuildConfiguration;
			buildSettings = {
				CODE_SIGN_STYLE = Automatic;
				CURRENT_PROJECT_VERSION = 1;
				DEVELOPMENT_TEAM = 5X587S7WGV;
				GENERATE_INFOPLIST_FILE = YES;
				MARKETING_VERSION = 1.0;
				PRODUCT_BUNDLE_IDENTIFIER = com.Bito.RescueMeUITests;
				PRODUCT_NAME = "$(TARGET_NAME)";
				SWIFT_EMIT_LOC_STRINGS = NO;
				SWIFT_VERSION = 5.0;
				TARGETED_DEVICE_FAMILY = "1,2";
				TEST_TARGET_NAME = RescueMe;
			};
			name = Release;
		};
/* End XCBuildConfiguration section */

/* Begin XCConfigurationList section */
		1A2BE3292D51581B00843482 /* Build configuration list for PBXProject "RescueMe" */ = {
			isa = XCConfigurationList;
			buildConfigurations = (
				1A2BE3502D51581C00843482 /* Debug */,
				1A2BE3512D51581C00843482 /* Release */,
			);
			defaultConfigurationIsVisible = 0;
			defaultConfigurationName = Release;
		};
		1A2BE3522D51581C00843482 /* Build configuration list for PBXNativeTarget "RescueMe" */ = {
			isa = XCConfigurationList;
			buildConfigurations = (
				1A2BE3532D51581C00843482 /* Debug */,
				1A2BE3542D51581C00843482 /* Release */,
			);
			defaultConfigurationIsVisible = 0;
			defaultConfigurationName = Release;
		};
		1A2BE3552D51581C00843482 /* Build configuration list for PBXNativeTarget "RescueMeTests" */ = {
			isa = XCConfigurationList;
			buildConfigurations = (
				1A2BE3562D51581C00843482 /* Debug */,
				1A2BE3572D51581C00843482 /* Release */,
			);
			defaultConfigurationIsVisible = 0;
			defaultConfigurationName = Release;
		};
		1A2BE3582D51581C00843482 /* Build configuration list for PBXNativeTarget "RescueMeUITests" */ = {
			isa = XCConfigurationList;
			buildConfigurations = (
				1A2BE3592D51581C00843482 /* Debug */,
				1A2BE35A2D51581C00843482 /* Release */,
			);
			defaultConfigurationIsVisible = 0;
			defaultConfigurationName = Release;
		};
/* End XCConfigurationList section */

/* Begin XCRemoteSwiftPackageReference section */
		1A2996AF2D56C5E100C0E407 /* XCRemoteSwiftPackageReference "SCNetworking" */ = {
			isa = XCRemoteSwiftPackageReference;
			repositoryURL = "https://github.com/Bitos88/SCNetworking";
			requirement = {
				branch = main;
				kind = branch;
			};
		};
/* End XCRemoteSwiftPackageReference section */

/* Begin XCSwiftPackageProductDependency section */
		1A2996B02D56C5E100C0E407 /* SCNetwork */ = {
			isa = XCSwiftPackageProductDependency;
			package = 1A2996AF2D56C5E100C0E407 /* XCRemoteSwiftPackageReference "SCNetworking" */;
			productName = SCNetwork;
		};
/* End XCSwiftPackageProductDependency section */
	};
	rootObject = 1A2BE3262D51581B00843482 /* Project object */;
}
