// !$*UTF8*$!
{
	archiveVersion = 1;
	classes = {
	};
	objectVersion = 77;
	objects = {

/* Begin PBXBuildFile section */
		1A2BE3972D51596900843482 /* ContentView.swift in Sources */ = {isa = PBXBuildFile; fileRef = 1A2BE3942D51596900843482 /* ContentView.swift */; };
		1A2BE3982D51596900843482 /* RescueMeApp.swift in Sources */ = {isa = PBXBuildFile; fileRef = 1A2BE3952D51596900843482 /* RescueMeApp.swift */; };
		1A2BE3992D51596900843482 /* Preview Assets.xcassets in Resources */ = {isa = PBXBuildFile; fileRef = 1A2BE3912D51596900843482 /* Preview Assets.xcassets */; };
		1A2BE39A2D51596900843482 /* Assets.xcassets in Resources */ = {isa = PBXBuildFile; fileRef = 1A2BE3932D51596900843482 /* Assets.xcassets */; };
		1A2BE3A12D515CD700843482 /* NavigationManager.swift in Sources */ = {isa = PBXBuildFile; fileRef = 1A2BE3A02D515CD500843482 /* NavigationManager.swift */; };
		1A2BE3A32D515CF500843482 /* WelcomScreenView.swift in Sources */ = {isa = PBXBuildFile; fileRef = 1A2BE3A22D515CF500843482 /* WelcomScreenView.swift */; };
		1A2BE4332D52431500843482 /* SplashView.swift in Sources */ = {isa = PBXBuildFile; fileRef = 1A2BE4322D52431500843482 /* SplashView.swift */; };
		1A2BE4352D52437D00843482 /* LoadingView.swift in Sources */ = {isa = PBXBuildFile; fileRef = 1A2BE4342D52437D00843482 /* LoadingView.swift */; };
		1A2BE46A2D5263A400843482 /* HeartButton.swift in Sources */ = {isa = PBXBuildFile; fileRef = 1A2BE43C2D524A3300843482 /* HeartButton.swift */; };
		D360AB182D55044D00F5EF95 /* IntroDescriptionView.swift in Sources */ = {isa = PBXBuildFile; fileRef = 42AB9E7F2D52DCF700E64926 /* IntroDescriptionView.swift */; };
		D360AB192D55046F00F5EF95 /* ButtonStyles.swift in Sources */ = {isa = PBXBuildFile; fileRef = 42AB9E792D52C12300E64926 /* ButtonStyles.swift */; };
		D360AB1A2D55048800F5EF95 /* RoundedBottomRectangle.swift in Sources */ = {isa = PBXBuildFile; fileRef = 42AB9E7D2D52DA2600E64926 /* RoundedBottomRectangle.swift */; };
		D3933A772D527419004EBE76 /* PetCardView.swift in Sources */ = {isa = PBXBuildFile; fileRef = D3933A762D527419004EBE76 /* PetCardView.swift */; };
		D3F7A3912D55055500B3A177 /* PetsGridView.swift in Sources */ = {isa = PBXBuildFile; fileRef = D3933A4A2D5228C7004EBE76 /* PetsGridView.swift */; };
		D3F7A4292D5538B700B3A177 /* Pet.swift in Sources */ = {isa = PBXBuildFile; fileRef = 1A2BE48A2D52CABB00843482 /* Pet.swift */; };
		D3F7A42B2D55392800B3A177 /* PreviewPet.swift in Sources */ = {isa = PBXBuildFile; fileRef = D3F7A42A2D55392800B3A177 /* PreviewPet.swift */; };
		D3F7A43E2D556B4B00B3A177 /* Shelter.swift in Sources */ = {isa = PBXBuildFile; fileRef = 1A2BE48C2D52CDA400843482 /* Shelter.swift */; };
		D3F7A43F2D556B5000B3A177 /* User.swift in Sources */ = {isa = PBXBuildFile; fileRef = 1A2BE48E2D52CEC300843482 /* User.swift */; };
		D3F7A4402D556DF800B3A177 /* PetAttributeGrid.swift in Sources */ = {isa = PBXBuildFile; fileRef = 429ECEF12D53FFCC00B3D2BD /* PetAttributeGrid.swift */; };
		D3F7A4982D557E6300B3A177 /* PreviewShelter.swift in Sources */ = {isa = PBXBuildFile; fileRef = D3F7A4972D557E6300B3A177 /* PreviewShelter.swift */; };
		D3F7A49A2D557EF100B3A177 /* PreviewUsers.swift in Sources */ = {isa = PBXBuildFile; fileRef = D3F7A4992D557EF100B3A177 /* PreviewUsers.swift */; };
/* End PBXBuildFile section */

/* Begin PBXContainerItemProxy section */
		1A2BE33F2D51581C00843482 /* PBXContainerItemProxy */ = {
			isa = PBXContainerItemProxy;
			containerPortal = 1A2BE3262D51581B00843482 /* Project object */;
			proxyType = 1;
			remoteGlobalIDString = 1A2BE32D2D51581B00843482;
			remoteInfo = RescueMe;
		};
		1A2BE3492D51581C00843482 /* PBXContainerItemProxy */ = {
			isa = PBXContainerItemProxy;
			containerPortal = 1A2BE3262D51581B00843482 /* Project object */;
			proxyType = 1;
			remoteGlobalIDString = 1A2BE32D2D51581B00843482;
			remoteInfo = RescueMe;
		};
/* End PBXContainerItemProxy section */

/* Begin PBXFileReference section */
		1A2BE32E2D51581B00843482 /* RescueMe.app */ = {isa = PBXFileReference; explicitFileType = wrapper.application; includeInIndex = 0; path = RescueMe.app; sourceTree = BUILT_PRODUCTS_DIR; };
		1A2BE33E2D51581C00843482 /* RescueMeTests.xctest */ = {isa = PBXFileReference; explicitFileType = wrapper.cfbundle; includeInIndex = 0; path = RescueMeTests.xctest; sourceTree = BUILT_PRODUCTS_DIR; };
		1A2BE3482D51581C00843482 /* RescueMeUITests.xctest */ = {isa = PBXFileReference; explicitFileType = wrapper.cfbundle; includeInIndex = 0; path = RescueMeUITests.xctest; sourceTree = BUILT_PRODUCTS_DIR; };
		1A2BE3912D51596900843482 /* Preview Assets.xcassets */ = {isa = PBXFileReference; lastKnownFileType = folder.assetcatalog; path = "Preview Assets.xcassets"; sourceTree = "<group>"; };
		1A2BE3932D51596900843482 /* Assets.xcassets */ = {isa = PBXFileReference; lastKnownFileType = folder.assetcatalog; path = Assets.xcassets; sourceTree = "<group>"; };
		1A2BE3942D51596900843482 /* ContentView.swift */ = {isa = PBXFileReference; lastKnownFileType = sourcecode.swift; path = ContentView.swift; sourceTree = "<group>"; };
		1A2BE3952D51596900843482 /* RescueMeApp.swift */ = {isa = PBXFileReference; lastKnownFileType = sourcecode.swift; path = RescueMeApp.swift; sourceTree = "<group>"; };
		1A2BE3A02D515CD500843482 /* NavigationManager.swift */ = {isa = PBXFileReference; lastKnownFileType = sourcecode.swift; path = NavigationManager.swift; sourceTree = "<group>"; };
		1A2BE3A22D515CF500843482 /* WelcomScreenView.swift */ = {isa = PBXFileReference; lastKnownFileType = sourcecode.swift; path = WelcomScreenView.swift; sourceTree = "<group>"; };
		1A2BE4322D52431500843482 /* SplashView.swift */ = {isa = PBXFileReference; lastKnownFileType = sourcecode.swift; path = SplashView.swift; sourceTree = "<group>"; };
		1A2BE4342D52437D00843482 /* LoadingView.swift */ = {isa = PBXFileReference; lastKnownFileType = sourcecode.swift; path = LoadingView.swift; sourceTree = "<group>"; };
		1A2BE43C2D524A3300843482 /* HeartButton.swift */ = {isa = PBXFileReference; lastKnownFileType = sourcecode.swift; path = HeartButton.swift; sourceTree = "<group>"; };
		1A2BE48A2D52CABB00843482 /* Pet.swift */ = {isa = PBXFileReference; lastKnownFileType = sourcecode.swift; path = Pet.swift; sourceTree = "<group>"; };
		1A2BE48C2D52CDA400843482 /* Shelter.swift */ = {isa = PBXFileReference; lastKnownFileType = sourcecode.swift; path = Shelter.swift; sourceTree = "<group>"; };
		1A2BE48E2D52CEC300843482 /* User.swift */ = {isa = PBXFileReference; lastKnownFileType = sourcecode.swift; path = User.swift; sourceTree = "<group>"; };
		1A2BE4912D52CFDA00843482 /* PetDTO.swift */ = {isa = PBXFileReference; lastKnownFileType = sourcecode.swift; path = PetDTO.swift; sourceTree = "<group>"; };
		1A2BE4932D52CFDF00843482 /* ShelterDTO.swift */ = {isa = PBXFileReference; lastKnownFileType = sourcecode.swift; path = ShelterDTO.swift; sourceTree = "<group>"; };
		1A2BE4952D52D01D00843482 /* UserDTO.swift */ = {isa = PBXFileReference; lastKnownFileType = sourcecode.swift; path = UserDTO.swift; sourceTree = "<group>"; };
		1A2BE52D2D5417E000843482 /* LoginView.swift */ = {isa = PBXFileReference; lastKnownFileType = sourcecode.swift; path = LoginView.swift; sourceTree = "<group>"; };
		429ECEF12D53FFCC00B3D2BD /* PetAttributeGrid.swift */ = {isa = PBXFileReference; lastKnownFileType = sourcecode.swift; path = PetAttributeGrid.swift; sourceTree = "<group>"; };
		42AB9E792D52C12300E64926 /* ButtonStyles.swift */ = {isa = PBXFileReference; lastKnownFileType = sourcecode.swift; path = ButtonStyles.swift; sourceTree = "<group>"; };
		42AB9E7D2D52DA2600E64926 /* RoundedBottomRectangle.swift */ = {isa = PBXFileReference; lastKnownFileType = sourcecode.swift; path = RoundedBottomRectangle.swift; sourceTree = "<group>"; };
		42AB9E7F2D52DCF700E64926 /* IntroDescriptionView.swift */ = {isa = PBXFileReference; lastKnownFileType = sourcecode.swift; path = IntroDescriptionView.swift; sourceTree = "<group>"; };
		D3933A4A2D5228C7004EBE76 /* PetsGridView.swift */ = {isa = PBXFileReference; lastKnownFileType = sourcecode.swift; path = PetsGridView.swift; sourceTree = "<group>"; };
		D3933A762D527419004EBE76 /* PetCardView.swift */ = {isa = PBXFileReference; lastKnownFileType = sourcecode.swift; path = PetCardView.swift; sourceTree = "<group>"; };
		D3F7A42A2D55392800B3A177 /* PreviewPet.swift */ = {isa = PBXFileReference; lastKnownFileType = sourcecode.swift; path = PreviewPet.swift; sourceTree = "<group>"; };
		D3F7A4972D557E6300B3A177 /* PreviewShelter.swift */ = {isa = PBXFileReference; lastKnownFileType = sourcecode.swift; path = PreviewShelter.swift; sourceTree = "<group>"; };
		D3F7A4992D557EF100B3A177 /* PreviewUsers.swift */ = {isa = PBXFileReference; lastKnownFileType = sourcecode.swift; path = PreviewUsers.swift; sourceTree = "<group>"; };
/* End PBXFileReference section */

/* Begin PBXFileSystemSynchronizedRootGroup section */
		1A2BE3412D51581C00843482 /* RescueMeTests */ = {
			isa = PBXFileSystemSynchronizedRootGroup;
			path = RescueMeTests;
			sourceTree = "<group>";
		};
		1A2BE34B2D51581C00843482 /* RescueMeUITests */ = {
			isa = PBXFileSystemSynchronizedRootGroup;
			path = RescueMeUITests;
			sourceTree = "<group>";
		};
/* End PBXFileSystemSynchronizedRootGroup section */

/* Begin PBXFrameworksBuildPhase section */
		1A2BE32B2D51581B00843482 /* Frameworks */ = {
			isa = PBXFrameworksBuildPhase;
			buildActionMask = 2147483647;
			files = (
			);
			runOnlyForDeploymentPostprocessing = 0;
		};
		1A2BE33B2D51581C00843482 /* Frameworks */ = {
			isa = PBXFrameworksBuildPhase;
			buildActionMask = 2147483647;
			files = (
			);
			runOnlyForDeploymentPostprocessing = 0;
		};
		1A2BE3452D51581C00843482 /* Frameworks */ = {
			isa = PBXFrameworksBuildPhase;
			buildActionMask = 2147483647;
			files = (
			);
			runOnlyForDeploymentPostprocessing = 0;
		};
/* End PBXFrameworksBuildPhase section */

/* Begin PBXGroup section */
		1A2BE3252D51581B00843482 = {
			isa = PBXGroup;
			children = (
				1A2BE3962D51596900843482 /* RescueMe */,
				1A2BE3412D51581C00843482 /* RescueMeTests */,
				1A2BE34B2D51581C00843482 /* RescueMeUITests */,
				1A2BE32F2D51581B00843482 /* Products */,
			);
			sourceTree = "<group>";
		};
		1A2BE32F2D51581B00843482 /* Products */ = {
			isa = PBXGroup;
			children = (
				1A2BE32E2D51581B00843482 /* RescueMe.app */,
				1A2BE33E2D51581C00843482 /* RescueMeTests.xctest */,
				1A2BE3482D51581C00843482 /* RescueMeUITests.xctest */,
			);
			name = Products;
			sourceTree = "<group>";
		};
		1A2BE3922D51596900843482 /* Preview Content */ = {
			isa = PBXGroup;
			children = (
				1A2BE3912D51596900843482 /* Preview Assets.xcassets */,
				D3F7A4992D557EF100B3A177 /* PreviewUsers.swift */,
				D3F7A42A2D55392800B3A177 /* PreviewPet.swift */,
				D3F7A4972D557E6300B3A177 /* PreviewShelter.swift */,
			);
			path = "Preview Content";
			sourceTree = "<group>";
		};
		1A2BE3962D51596900843482 /* RescueMe */ = {
			isa = PBXGroup;
			children = (
				1A2BE4892D52CAAA00843482 /* Models */,
				1A2BE39E2D51599200843482 /* Views */,
				1A2BE39D2D51598C00843482 /* Managers */,
				1A2BE39C2D51598600843482 /* Components */,
				42AB9E7B2D52C13000E64926 /* Modifier */,
				42AB9E7C2D52D9BF00E64926 /* Shapes */,
				1A2BE39B2D51597E00843482 /* Resources */,
				1A2BE3922D51596900843482 /* Preview Content */,
				1A2BE39F2D5159A600843482 /* System */,
			);
			path = RescueMe;
			sourceTree = "<group>";
		};
		1A2BE39B2D51597E00843482 /* Resources */ = {
			isa = PBXGroup;
			children = (
				1A2BE3932D51596900843482 /* Assets.xcassets */,
			);
			path = Resources;
			sourceTree = "<group>";
		};
		1A2BE39C2D51598600843482 /* Components */ = {
			isa = PBXGroup;
			children = (
				1A2BE3A22D515CF500843482 /* WelcomScreenView.swift */,
				42AB9E7F2D52DCF700E64926 /* IntroDescriptionView.swift */,
				D3933A4A2D5228C7004EBE76 /* PetsGridView.swift */,
				1A2BE43C2D524A3300843482 /* HeartButton.swift */,
				1A2BE4342D52437D00843482 /* LoadingView.swift */,
				429ECEF12D53FFCC00B3D2BD /* PetAttributeGrid.swift */,
				D3933A762D527419004EBE76 /* PetCardView.swift */,
			);
			path = Components;
			sourceTree = "<group>";
		};
		1A2BE39D2D51598C00843482 /* Managers */ = {
			isa = PBXGroup;
			children = (
				1A2BE3A02D515CD500843482 /* NavigationManager.swift */,
			);
			path = Managers;
			sourceTree = "<group>";
		};
		1A2BE39E2D51599200843482 /* Views */ = {
			isa = PBXGroup;
			children = (
				1A2BE3942D51596900843482 /* ContentView.swift */,
				1A2BE4322D52431500843482 /* SplashView.swift */,
				1A2BE52D2D5417E000843482 /* LoginView.swift */,
			);
			path = Views;
			sourceTree = "<group>";
		};
		1A2BE39F2D5159A600843482 /* System */ = {
			isa = PBXGroup;
			children = (
				1A2BE3952D51596900843482 /* RescueMeApp.swift */,
			);
			path = System;
			sourceTree = "<group>";
		};
		1A2BE4892D52CAAA00843482 /* Models */ = {
			isa = PBXGroup;
			children = (
				1A2BE4902D52CFC500843482 /* DTO */,
				1A2BE48A2D52CABB00843482 /* Pet.swift */,
				1A2BE48C2D52CDA400843482 /* Shelter.swift */,
				1A2BE48E2D52CEC300843482 /* User.swift */,
			);
			path = Models;
			sourceTree = "<group>";
		};
		1A2BE4902D52CFC500843482 /* DTO */ = {
			isa = PBXGroup;
			children = (
				1A2BE4952D52D01D00843482 /* UserDTO.swift */,
				1A2BE4932D52CFDF00843482 /* ShelterDTO.swift */,
				1A2BE4912D52CFDA00843482 /* PetDTO.swift */,
			);
			path = DTO;
			sourceTree = "<group>";
		};
		42AB9E7B2D52C13000E64926 /* Modifier */ = {
			isa = PBXGroup;
			children = (
				42AB9E792D52C12300E64926 /* ButtonStyles.swift */,
			);
			path = Modifier;
			sourceTree = "<group>";
		};
		42AB9E7C2D52D9BF00E64926 /* Shapes */ = {
			isa = PBXGroup;
			children = (
				42AB9E7D2D52DA2600E64926 /* RoundedBottomRectangle.swift */,
			);
			path = Shapes;
			sourceTree = "<group>";
		};
/* End PBXGroup section */

/* Begin PBXNativeTarget section */
		1A2BE32D2D51581B00843482 /* RescueMe */ = {
			isa = PBXNativeTarget;
			buildConfigurationList = 1A2BE3522D51581C00843482 /* Build configuration list for PBXNativeTarget "RescueMe" */;
			buildPhases = (
				1A2BE32A2D51581B00843482 /* Sources */,
				1A2BE32B2D51581B00843482 /* Frameworks */,
				1A2BE32C2D51581B00843482 /* Resources */,
			);
			buildRules = (
			);
			dependencies = (
			);
			name = RescueMe;
			packageProductDependencies = (
			);
			productName = RescueMe;
			productReference = 1A2BE32E2D51581B00843482 /* RescueMe.app */;
			productType = "com.apple.product-type.application";
		};
		1A2BE33D2D51581C00843482 /* RescueMeTests */ = {
			isa = PBXNativeTarget;
			buildConfigurationList = 1A2BE3552D51581C00843482 /* Build configuration list for PBXNativeTarget "RescueMeTests" */;
			buildPhases = (
				1A2BE33A2D51581C00843482 /* Sources */,
				1A2BE33B2D51581C00843482 /* Frameworks */,
				1A2BE33C2D51581C00843482 /* Resources */,
			);
			buildRules = (
			);
			dependencies = (
				1A2BE3402D51581C00843482 /* PBXTargetDependency */,
			);
			fileSystemSynchronizedGroups = (
				1A2BE3412D51581C00843482 /* RescueMeTests */,
			);
			name = RescueMeTests;
			packageProductDependencies = (
			);
			productName = RescueMeTests;
			productReference = 1A2BE33E2D51581C00843482 /* RescueMeTests.xctest */;
			productType = "com.apple.product-type.bundle.unit-test";
		};
		1A2BE3472D51581C00843482 /* RescueMeUITests */ = {
			isa = PBXNativeTarget;
			buildConfigurationList = 1A2BE3582D51581C00843482 /* Build configuration list for PBXNativeTarget "RescueMeUITests" */;
			buildPhases = (
				1A2BE3442D51581C00843482 /* Sources */,
				1A2BE3452D51581C00843482 /* Frameworks */,
				1A2BE3462D51581C00843482 /* Resources */,
			);
			buildRules = (
			);
			dependencies = (
				1A2BE34A2D51581C00843482 /* PBXTargetDependency */,
			);
			fileSystemSynchronizedGroups = (
				1A2BE34B2D51581C00843482 /* RescueMeUITests */,
			);
			name = RescueMeUITests;
			packageProductDependencies = (
			);
			productName = RescueMeUITests;
			productReference = 1A2BE3482D51581C00843482 /* RescueMeUITests.xctest */;
			productType = "com.apple.product-type.bundle.ui-testing";
		};
/* End PBXNativeTarget section */

/* Begin PBXProject section */
		1A2BE3262D51581B00843482 /* Project object */ = {
			isa = PBXProject;
			attributes = {
				BuildIndependentTargetsInParallel = 1;
				LastSwiftUpdateCheck = 1620;
				LastUpgradeCheck = 1620;
				TargetAttributes = {
					1A2BE32D2D51581B00843482 = {
						CreatedOnToolsVersion = 16.2;
					};
					1A2BE33D2D51581C00843482 = {
						CreatedOnToolsVersion = 16.2;
						TestTargetID = 1A2BE32D2D51581B00843482;
					};
					1A2BE3472D51581C00843482 = {
						CreatedOnToolsVersion = 16.2;
						TestTargetID = 1A2BE32D2D51581B00843482;
					};
				};
			};
			buildConfigurationList = 1A2BE3292D51581B00843482 /* Build configuration list for PBXProject "RescueMe" */;
			developmentRegion = en;
			hasScannedForEncodings = 0;
			knownRegions = (
				en,
				Base,
			);
			mainGroup = 1A2BE3252D51581B00843482;
			minimizedProjectReferenceProxies = 1;
			preferredProjectObjectVersion = 77;
			productRefGroup = 1A2BE32F2D51581B00843482 /* Products */;
			projectDirPath = "";
			projectRoot = "";
			targets = (
				1A2BE32D2D51581B00843482 /* RescueMe */,
				1A2BE33D2D51581C00843482 /* RescueMeTests */,
				1A2BE3472D51581C00843482 /* RescueMeUITests */,
			);
		};
/* End PBXProject section */

/* Begin PBXResourcesBuildPhase section */
		1A2BE32C2D51581B00843482 /* Resources */ = {
			isa = PBXResourcesBuildPhase;
			buildActionMask = 2147483647;
			files = (
				1A2BE3992D51596900843482 /* Preview Assets.xcassets in Resources */,
				1A2BE39A2D51596900843482 /* Assets.xcassets in Resources */,
			);
			runOnlyForDeploymentPostprocessing = 0;
		};
		1A2BE33C2D51581C00843482 /* Resources */ = {
			isa = PBXResourcesBuildPhase;
			buildActionMask = 2147483647;
			files = (
			);
			runOnlyForDeploymentPostprocessing = 0;
		};
		1A2BE3462D51581C00843482 /* Resources */ = {
			isa = PBXResourcesBuildPhase;
			buildActionMask = 2147483647;
			files = (
			);
			runOnlyForDeploymentPostprocessing = 0;
		};
/* End PBXResourcesBuildPhase section */

/* Begin PBXSourcesBuildPhase section */
		1A2BE32A2D51581B00843482 /* Sources */ = {
			isa = PBXSourcesBuildPhase;
			buildActionMask = 2147483647;
			files = (
				1A2BE3A12D515CD700843482 /* NavigationManager.swift in Sources */,
				D3F7A43E2D556B4B00B3A177 /* Shelter.swift in Sources */,
				D360AB192D55046F00F5EF95 /* ButtonStyles.swift in Sources */,
				D3F7A3912D55055500B3A177 /* PetsGridView.swift in Sources */,
				D3F7A43F2D556B5000B3A177 /* User.swift in Sources */,
				D3F7A4402D556DF800B3A177 /* PetAttributeGrid.swift in Sources */,
				D360AB182D55044D00F5EF95 /* IntroDescriptionView.swift in Sources */,
				D3933A772D527419004EBE76 /* PetCardView.swift in Sources */,
				1A2BE3972D51596900843482 /* ContentView.swift in Sources */,
				D3F7A42B2D55392800B3A177 /* PreviewPet.swift in Sources */,
				1A2BE46A2D5263A400843482 /* HeartButton.swift in Sources */,
				1A2BE4332D52431500843482 /* SplashView.swift in Sources */,
				D3F7A4982D557E6300B3A177 /* PreviewShelter.swift in Sources */,
				D360AB1A2D55048800F5EF95 /* RoundedBottomRectangle.swift in Sources */,
				1A2BE3982D51596900843482 /* RescueMeApp.swift in Sources */,
				D3F7A49A2D557EF100B3A177 /* PreviewUsers.swift in Sources */,
				1A2BE3A32D515CF500843482 /* WelcomScreenView.swift in Sources */,
				D3F7A4292D5538B700B3A177 /* Pet.swift in Sources */,
				1A2BE4352D52437D00843482 /* LoadingView.swift in Sources */,
			);
			runOnlyForDeploymentPostprocessing = 0;
		};
		1A2BE33A2D51581C00843482 /* Sources */ = {
			isa = PBXSourcesBuildPhase;
			buildActionMask = 2147483647;
			files = (
			);
			runOnlyForDeploymentPostprocessing = 0;
		};
		1A2BE3442D51581C00843482 /* Sources */ = {
			isa = PBXSourcesBuildPhase;
			buildActionMask = 2147483647;
			files = (
			);
			runOnlyForDeploymentPostprocessing = 0;
		};
/* End PBXSourcesBuildPhase section */

/* Begin PBXTargetDependency section */
		1A2BE3402D51581C00843482 /* PBXTargetDependency */ = {
			isa = PBXTargetDependency;
			target = 1A2BE32D2D51581B00843482 /* RescueMe */;
			targetProxy = 1A2BE33F2D51581C00843482 /* PBXContainerItemProxy */;
		};
		1A2BE34A2D51581C00843482 /* PBXTargetDependency */ = {
			isa = PBXTargetDependency;
			target = 1A2BE32D2D51581B00843482 /* RescueMe */;
			targetProxy = 1A2BE3492D51581C00843482 /* PBXContainerItemProxy */;
		};
/* End PBXTargetDependency section */

/* Begin XCBuildConfiguration section */
		1A2BE3502D51581C00843482 /* Debug */ = {
			isa = XCBuildConfiguration;
			buildSettings = {
				ALWAYS_SEARCH_USER_PATHS = NO;
				ASSETCATALOG_COMPILER_GENERATE_SWIFT_ASSET_SYMBOL_EXTENSIONS = YES;
				CLANG_ANALYZER_NONNULL = YES;
				CLANG_ANALYZER_NUMBER_OBJECT_CONVERSION = YES_AGGRESSIVE;
				CLANG_CXX_LANGUAGE_STANDARD = "gnu++20";
				CLANG_ENABLE_MODULES = YES;
				CLANG_ENABLE_OBJC_ARC = YES;
				CLANG_ENABLE_OBJC_WEAK = YES;
				CLANG_WARN_BLOCK_CAPTURE_AUTORELEASING = YES;
				CLANG_WARN_BOOL_CONVERSION = YES;
				CLANG_WARN_COMMA = YES;
				CLANG_WARN_CONSTANT_CONVERSION = YES;
				CLANG_WARN_DEPRECATED_OBJC_IMPLEMENTATIONS = YES;
				CLANG_WARN_DIRECT_OBJC_ISA_USAGE = YES_ERROR;
				CLANG_WARN_DOCUMENTATION_COMMENTS = YES;
				CLANG_WARN_EMPTY_BODY = YES;
				CLANG_WARN_ENUM_CONVERSION = YES;
				CLANG_WARN_INFINITE_RECURSION = YES;
				CLANG_WARN_INT_CONVERSION = YES;
				CLANG_WARN_NON_LITERAL_NULL_CONVERSION = YES;
				CLANG_WARN_OBJC_IMPLICIT_RETAIN_SELF = YES;
				CLANG_WARN_OBJC_LITERAL_CONVERSION = YES;
				CLANG_WARN_OBJC_ROOT_CLASS = YES_ERROR;
				CLANG_WARN_QUOTED_INCLUDE_IN_FRAMEWORK_HEADER = YES;
				CLANG_WARN_RANGE_LOOP_ANALYSIS = YES;
				CLANG_WARN_STRICT_PROTOTYPES = YES;
				CLANG_WARN_SUSPICIOUS_MOVE = YES;
				CLANG_WARN_UNGUARDED_AVAILABILITY = YES_AGGRESSIVE;
				CLANG_WARN_UNREACHABLE_CODE = YES;
				CLANG_WARN__DUPLICATE_METHOD_MATCH = YES;
				COPY_PHASE_STRIP = NO;
				DEBUG_INFORMATION_FORMAT = dwarf;
				ENABLE_STRICT_OBJC_MSGSEND = YES;
				ENABLE_TESTABILITY = YES;
				ENABLE_USER_SCRIPT_SANDBOXING = YES;
				GCC_C_LANGUAGE_STANDARD = gnu17;
				GCC_DYNAMIC_NO_PIC = NO;
				GCC_NO_COMMON_BLOCKS = YES;
				GCC_OPTIMIZATION_LEVEL = 0;
				GCC_PREPROCESSOR_DEFINITIONS = (
					"DEBUG=1",
					"$(inherited)",
				);
				GCC_WARN_64_TO_32_BIT_CONVERSION = YES;
				GCC_WARN_ABOUT_RETURN_TYPE = YES_ERROR;
				GCC_WARN_UNDECLARED_SELECTOR = YES;
				GCC_WARN_UNINITIALIZED_AUTOS = YES_AGGRESSIVE;
				GCC_WARN_UNUSED_FUNCTION = YES;
				GCC_WARN_UNUSED_VARIABLE = YES;
				IPHONEOS_DEPLOYMENT_TARGET = 18.2;
				LOCALIZATION_PREFERS_STRING_CATALOGS = YES;
				MTL_ENABLE_DEBUG_INFO = INCLUDE_SOURCE;
				MTL_FAST_MATH = YES;
				ONLY_ACTIVE_ARCH = YES;
				SDKROOT = iphoneos;
				SWIFT_ACTIVE_COMPILATION_CONDITIONS = "DEBUG $(inherited)";
				SWIFT_OPTIMIZATION_LEVEL = "-Onone";
			};
			name = Debug;
		};
		1A2BE3512D51581C00843482 /* Release */ = {
			isa = XCBuildConfiguration;
			buildSettings = {
				ALWAYS_SEARCH_USER_PATHS = NO;
				ASSETCATALOG_COMPILER_GENERATE_SWIFT_ASSET_SYMBOL_EXTENSIONS = YES;
				CLANG_ANALYZER_NONNULL = YES;
				CLANG_ANALYZER_NUMBER_OBJECT_CONVERSION = YES_AGGRESSIVE;
				CLANG_CXX_LANGUAGE_STANDARD = "gnu++20";
				CLANG_ENABLE_MODULES = YES;
				CLANG_ENABLE_OBJC_ARC = YES;
				CLANG_ENABLE_OBJC_WEAK = YES;
				CLANG_WARN_BLOCK_CAPTURE_AUTORELEASING = YES;
				CLANG_WARN_BOOL_CONVERSION = YES;
				CLANG_WARN_COMMA = YES;
				CLANG_WARN_CONSTANT_CONVERSION = YES;
				CLANG_WARN_DEPRECATED_OBJC_IMPLEMENTATIONS = YES;
				CLANG_WARN_DIRECT_OBJC_ISA_USAGE = YES_ERROR;
				CLANG_WARN_DOCUMENTATION_COMMENTS = YES;
				CLANG_WARN_EMPTY_BODY = YES;
				CLANG_WARN_ENUM_CONVERSION = YES;
				CLANG_WARN_INFINITE_RECURSION = YES;
				CLANG_WARN_INT_CONVERSION = YES;
				CLANG_WARN_NON_LITERAL_NULL_CONVERSION = YES;
				CLANG_WARN_OBJC_IMPLICIT_RETAIN_SELF = YES;
				CLANG_WARN_OBJC_LITERAL_CONVERSION = YES;
				CLANG_WARN_OBJC_ROOT_CLASS = YES_ERROR;
				CLANG_WARN_QUOTED_INCLUDE_IN_FRAMEWORK_HEADER = YES;
				CLANG_WARN_RANGE_LOOP_ANALYSIS = YES;
				CLANG_WARN_STRICT_PROTOTYPES = YES;
				CLANG_WARN_SUSPICIOUS_MOVE = YES;
				CLANG_WARN_UNGUARDED_AVAILABILITY = YES_AGGRESSIVE;
				CLANG_WARN_UNREACHABLE_CODE = YES;
				CLANG_WARN__DUPLICATE_METHOD_MATCH = YES;
				COPY_PHASE_STRIP = NO;
				DEBUG_INFORMATION_FORMAT = "dwarf-with-dsym";
				ENABLE_NS_ASSERTIONS = NO;
				ENABLE_STRICT_OBJC_MSGSEND = YES;
				ENABLE_USER_SCRIPT_SANDBOXING = YES;
				GCC_C_LANGUAGE_STANDARD = gnu17;
				GCC_NO_COMMON_BLOCKS = YES;
				GCC_WARN_64_TO_32_BIT_CONVERSION = YES;
				GCC_WARN_ABOUT_RETURN_TYPE = YES_ERROR;
				GCC_WARN_UNDECLARED_SELECTOR = YES;
				GCC_WARN_UNINITIALIZED_AUTOS = YES_AGGRESSIVE;
				GCC_WARN_UNUSED_FUNCTION = YES;
				GCC_WARN_UNUSED_VARIABLE = YES;
				IPHONEOS_DEPLOYMENT_TARGET = 18.2;
				LOCALIZATION_PREFERS_STRING_CATALOGS = YES;
				MTL_ENABLE_DEBUG_INFO = NO;
				MTL_FAST_MATH = YES;
				SDKROOT = iphoneos;
				SWIFT_COMPILATION_MODE = wholemodule;
				VALIDATE_PRODUCT = YES;
			};
			name = Release;
		};
		1A2BE3532D51581C00843482 /* Debug */ = {
			isa = XCBuildConfiguration;
			buildSettings = {
				ASSETCATALOG_COMPILER_APPICON_NAME = AppIcon;
				ASSETCATALOG_COMPILER_GLOBAL_ACCENT_COLOR_NAME = AccentColor;
				CODE_SIGN_STYLE = Automatic;
				CURRENT_PROJECT_VERSION = 1;
				DEVELOPMENT_ASSET_PATHS = "\"RescueMe/Preview Content\"";
				DEVELOPMENT_TEAM = 5X587S7WGV;
				ENABLE_PREVIEWS = YES;
				GENERATE_INFOPLIST_FILE = YES;
				INFOPLIST_KEY_UIApplicationSceneManifest_Generation = YES;
				INFOPLIST_KEY_UIApplicationSupportsIndirectInputEvents = YES;
				INFOPLIST_KEY_UILaunchScreen_Generation = YES;
				INFOPLIST_KEY_UISupportedInterfaceOrientations_iPad = "UIInterfaceOrientationPortrait UIInterfaceOrientationPortraitUpsideDown UIInterfaceOrientationLandscapeLeft UIInterfaceOrientationLandscapeRight";
				INFOPLIST_KEY_UISupportedInterfaceOrientations_iPhone = "UIInterfaceOrientationPortrait UIInterfaceOrientationLandscapeLeft UIInterfaceOrientationLandscapeRight";
				LD_RUNPATH_SEARCH_PATHS = (
					"$(inherited)",
					"@executable_path/Frameworks",
				);
				MARKETING_VERSION = 1.0;
				PRODUCT_BUNDLE_IDENTIFIER = com.Bito.RescueMe;
				PRODUCT_NAME = "$(TARGET_NAME)";
				SWIFT_EMIT_LOC_STRINGS = YES;
				SWIFT_VERSION = 5.0;
				TARGETED_DEVICE_FAMILY = "1,2";
			};
			name = Debug;
		};
		1A2BE3542D51581C00843482 /* Release */ = {
			isa = XCBuildConfiguration;
			buildSettings = {
				ASSETCATALOG_COMPILER_APPICON_NAME = AppIcon;
				ASSETCATALOG_COMPILER_GLOBAL_ACCENT_COLOR_NAME = AccentColor;
				CODE_SIGN_STYLE = Automatic;
				CURRENT_PROJECT_VERSION = 1;
				DEVELOPMENT_ASSET_PATHS = "\"RescueMe/Preview Content\"";
				DEVELOPMENT_TEAM = 5X587S7WGV;
				ENABLE_PREVIEWS = YES;
				GENERATE_INFOPLIST_FILE = YES;
				INFOPLIST_KEY_UIApplicationSceneManifest_Generation = YES;
				INFOPLIST_KEY_UIApplicationSupportsIndirectInputEvents = YES;
				INFOPLIST_KEY_UILaunchScreen_Generation = YES;
				INFOPLIST_KEY_UISupportedInterfaceOrientations_iPad = "UIInterfaceOrientationPortrait UIInterfaceOrientationPortraitUpsideDown UIInterfaceOrientationLandscapeLeft UIInterfaceOrientationLandscapeRight";
				INFOPLIST_KEY_UISupportedInterfaceOrientations_iPhone = "UIInterfaceOrientationPortrait UIInterfaceOrientationLandscapeLeft UIInterfaceOrientationLandscapeRight";
				LD_RUNPATH_SEARCH_PATHS = (
					"$(inherited)",
					"@executable_path/Frameworks",
				);
				MARKETING_VERSION = 1.0;
				PRODUCT_BUNDLE_IDENTIFIER = com.Bito.RescueMe;
				PRODUCT_NAME = "$(TARGET_NAME)";
				SWIFT_EMIT_LOC_STRINGS = YES;
				SWIFT_VERSION = 5.0;
				TARGETED_DEVICE_FAMILY = "1,2";
			};
			name = Release;
		};
		1A2BE3562D51581C00843482 /* Debug */ = {
			isa = XCBuildConfiguration;
			buildSettings = {
				BUNDLE_LOADER = "$(TEST_HOST)";
				CODE_SIGN_STYLE = Automatic;
				CURRENT_PROJECT_VERSION = 1;
				DEVELOPMENT_TEAM = 5X587S7WGV;
				GENERATE_INFOPLIST_FILE = YES;
				IPHONEOS_DEPLOYMENT_TARGET = 18.2;
				MARKETING_VERSION = 1.0;
				PRODUCT_BUNDLE_IDENTIFIER = com.Bito.RescueMeTests;
				PRODUCT_NAME = "$(TARGET_NAME)";
				SWIFT_EMIT_LOC_STRINGS = NO;
				SWIFT_VERSION = 5.0;
				TARGETED_DEVICE_FAMILY = "1,2";
				TEST_HOST = "$(BUILT_PRODUCTS_DIR)/RescueMe.app/$(BUNDLE_EXECUTABLE_FOLDER_PATH)/RescueMe";
			};
			name = Debug;
		};
		1A2BE3572D51581C00843482 /* Release */ = {
			isa = XCBuildConfiguration;
			buildSettings = {
				BUNDLE_LOADER = "$(TEST_HOST)";
				CODE_SIGN_STYLE = Automatic;
				CURRENT_PROJECT_VERSION = 1;
				DEVELOPMENT_TEAM = 5X587S7WGV;
				GENERATE_INFOPLIST_FILE = YES;
				IPHONEOS_DEPLOYMENT_TARGET = 18.2;
				MARKETING_VERSION = 1.0;
				PRODUCT_BUNDLE_IDENTIFIER = com.Bito.RescueMeTests;
				PRODUCT_NAME = "$(TARGET_NAME)";
				SWIFT_EMIT_LOC_STRINGS = NO;
				SWIFT_VERSION = 5.0;
				TARGETED_DEVICE_FAMILY = "1,2";
				TEST_HOST = "$(BUILT_PRODUCTS_DIR)/RescueMe.app/$(BUNDLE_EXECUTABLE_FOLDER_PATH)/RescueMe";
			};
			name = Release;
		};
		1A2BE3592D51581C00843482 /* Debug */ = {
			isa = XCBuildConfiguration;
			buildSettings = {
				CODE_SIGN_STYLE = Automatic;
				CURRENT_PROJECT_VERSION = 1;
				DEVELOPMENT_TEAM = 5X587S7WGV;
				GENERATE_INFOPLIST_FILE = YES;
				MARKETING_VERSION = 1.0;
				PRODUCT_BUNDLE_IDENTIFIER = com.Bito.RescueMeUITests;
				PRODUCT_NAME = "$(TARGET_NAME)";
				SWIFT_EMIT_LOC_STRINGS = NO;
				SWIFT_VERSION = 5.0;
				TARGETED_DEVICE_FAMILY = "1,2";
				TEST_TARGET_NAME = RescueMe;
			};
			name = Debug;
		};
		1A2BE35A2D51581C00843482 /* Release */ = {
			isa = XCBuildConfiguration;
			buildSettings = {
				CODE_SIGN_STYLE = Automatic;
				CURRENT_PROJECT_VERSION = 1;
				DEVELOPMENT_TEAM = 5X587S7WGV;
				GENERATE_INFOPLIST_FILE = YES;
				MARKETING_VERSION = 1.0;
				PRODUCT_BUNDLE_IDENTIFIER = com.Bito.RescueMeUITests;
				PRODUCT_NAME = "$(TARGET_NAME)";
				SWIFT_EMIT_LOC_STRINGS = NO;
				SWIFT_VERSION = 5.0;
				TARGETED_DEVICE_FAMILY = "1,2";
				TEST_TARGET_NAME = RescueMe;
			};
			name = Release;
		};
/* End XCBuildConfiguration section */

/* Begin XCConfigurationList section */
		1A2BE3292D51581B00843482 /* Build configuration list for PBXProject "RescueMe" */ = {
			isa = XCConfigurationList;
			buildConfigurations = (
				1A2BE3502D51581C00843482 /* Debug */,
				1A2BE3512D51581C00843482 /* Release */,
			);
			defaultConfigurationIsVisible = 0;
			defaultConfigurationName = Release;
		};
		1A2BE3522D51581C00843482 /* Build configuration list for PBXNativeTarget "RescueMe" */ = {
			isa = XCConfigurationList;
			buildConfigurations = (
				1A2BE3532D51581C00843482 /* Debug */,
				1A2BE3542D51581C00843482 /* Release */,
			);
			defaultConfigurationIsVisible = 0;
			defaultConfigurationName = Release;
		};
		1A2BE3552D51581C00843482 /* Build configuration list for PBXNativeTarget "RescueMeTests" */ = {
			isa = XCConfigurationList;
			buildConfigurations = (
				1A2BE3562D51581C00843482 /* Debug */,
				1A2BE3572D51581C00843482 /* Release */,
			);
			defaultConfigurationIsVisible = 0;
			defaultConfigurationName = Release;
		};
		1A2BE3582D51581C00843482 /* Build configuration list for PBXNativeTarget "RescueMeUITests" */ = {
			isa = XCConfigurationList;
			buildConfigurations = (
				1A2BE3592D51581C00843482 /* Debug */,
				1A2BE35A2D51581C00843482 /* Release */,
			);
			defaultConfigurationIsVisible = 0;
			defaultConfigurationName = Release;
		};
/* End XCConfigurationList section */
	};
	rootObject = 1A2BE3262D51581B00843482 /* Project object */;
}
