{
  "originHash" : "41d15fdafe6013347814250589fe67b781123764e79341999c58797f83561bbc",
  "pins" : [
    {
      "identity" : "scnetworking",
      "kind" : "remoteSourceControl",
      "location" : "https://github.com/Bitos88/SCNetworking",
      "state" : {
        "branch" : "main",
        "revision" : "b8a9243d7db2c972c3862719016a5796145857cd"
      }
    }
  ],
  "version" : 3
}
